// !$*UTF8*$!
{
	archiveVersion = 1;
	classes = {
	};
	objectVersion = 46;
	objects = {

/* Begin PBXBuildFile section */
		97E9B2EC1E96285A00BD62BF /* AppDelegate.swift in Sources */ = {isa = PBXBuildFile; fileRef = 97E9B2EB1E96285A00BD62BF /* AppDelegate.swift */; };
		97E9B2EE1E96285A00BD62BF /* ViewController.swift in Sources */ = {isa = PBXBuildFile; fileRef = 97E9B2ED1E96285A00BD62BF /* ViewController.swift */; };
		97E9B2F11E96285A00BD62BF /* Main.storyboard in Resources */ = {isa = PBXBuildFile; fileRef = 97E9B2EF1E96285A00BD62BF /* Main.storyboard */; };
		97E9B2F31E96285B00BD62BF /* Assets.xcassets in Resources */ = {isa = PBXBuildFile; fileRef = 97E9B2F21E96285B00BD62BF /* Assets.xcassets */; };
		97E9B2F61E96285B00BD62BF /* LaunchScreen.storyboard in Resources */ = {isa = PBXBuildFile; fileRef = 97E9B2F41E96285B00BD62BF /* LaunchScreen.storyboard */; };
		97E9B3011E962E6A00BD62BF /* VideoCell.swift in Sources */ = {isa = PBXBuildFile; fileRef = 97E9B3001E962E6A00BD62BF /* VideoCell.swift */; };
		97E9B3031E9632E200BD62BF /* emoji zone.mp4 in Resources */ = {isa = PBXBuildFile; fileRef = 97E9B3021E9632E200BD62BF /* emoji zone.mp4 */; };
/* End PBXBuildFile section */

/* Begin PBXFileReference section */
		97E9B2E81E96285A00BD62BF /* PlayLocalVideo.app */ = {isa = PBXFileReference; explicitFileType = wrapper.application; includeInIndex = 0; path = PlayLocalVideo.app; sourceTree = BUILT_PRODUCTS_DIR; };
		97E9B2EB1E96285A00BD62BF /* AppDelegate.swift */ = {isa = PBXFileReference; lastKnownFileType = sourcecode.swift; path = AppDelegate.swift; sourceTree = "<group>"; };
		97E9B2ED1E96285A00BD62BF /* ViewController.swift */ = {isa = PBXFileReference; lastKnownFileType = sourcecode.swift; path = ViewController.swift; sourceTree = "<group>"; };
		97E9B2F01E96285A00BD62BF /* Base */ = {isa = PBXFileReference; lastKnownFileType = file.storyboard; name = Base; path = Base.lproj/Main.storyboard; sourceTree = "<group>"; };
		97E9B2F21E96285B00BD62BF /* Assets.xcassets */ = {isa = PBXFileReference; lastKnownFileType = folder.assetcatalog; path = Assets.xcassets; sourceTree = "<group>"; };
		97E9B2F51E96285B00BD62BF /* Base */ = {isa = PBXFileReference; lastKnownFileType = file.storyboard; name = Base; path = Base.lproj/LaunchScreen.storyboard; sourceTree = "<group>"; };
		97E9B2F71E96285B00BD62BF /* Info.plist */ = {isa = PBXFileReference; lastKnownFileType = text.plist.xml; path = Info.plist; sourceTree = "<group>"; };
		97E9B3001E962E6A00BD62BF /* VideoCell.swift */ = {isa = PBXFileReference; fileEncoding = 4; lastKnownFileType = sourcecode.swift; path = VideoCell.swift; sourceTree = "<group>"; };
		97E9B3021E9632E200BD62BF /* emoji zone.mp4 */ = {isa = PBXFileReference; lastKnownFileType = file; path = "emoji zone.mp4"; sourceTree = "<group>"; };
/* End PBXFileReference section */

/* Begin PBXFrameworksBuildPhase section */
		97E9B2E51E96285A00BD62BF /* Frameworks */ = {
			isa = PBXFrameworksBuildPhase;
			buildActionMask = 2147483647;
			files = (
			);
			runOnlyForDeploymentPostprocessing = 0;
		};
/* End PBXFrameworksBuildPhase section */

/* Begin PBXGroup section */
		97E9B2DF1E96285A00BD62BF = {
			isa = PBXGroup;
			children = (
				97E9B2EA1E96285A00BD62BF /* PlayLocalVideo */,
				97E9B2E91E96285A00BD62BF /* Products */,
			);
			sourceTree = "<group>";
		};
		97E9B2E91E96285A00BD62BF /* Products */ = {
			isa = PBXGroup;
			children = (
				97E9B2E81E96285A00BD62BF /* PlayLocalVideo.app */,
			);
			name = Products;
			sourceTree = "<group>";
		};
		97E9B2EA1E96285A00BD62BF /* PlayLocalVideo */ = {
			isa = PBXGroup;
			children = (
				97E9B2ED1E96285A00BD62BF /* ViewController.swift */,
				97E9B3001E962E6A00BD62BF /* VideoCell.swift */,
				97E9B2EF1E96285A00BD62BF /* Main.storyboard */,
				97E9B2FD1E9629F300BD62BF /* Supporting Files */,
			);
			path = PlayLocalVideo;
			sourceTree = "<group>";
		};
		97E9B2FD1E9629F300BD62BF /* Supporting Files */ = {
			isa = PBXGroup;
			children = (
				97E9B3021E9632E200BD62BF /* emoji zone.mp4 */,
				97E9B2EB1E96285A00BD62BF /* AppDelegate.swift */,
				97E9B2F21E96285B00BD62BF /* Assets.xcassets */,
				97E9B2F41E96285B00BD62BF /* LaunchScreen.storyboard */,
				97E9B2F71E96285B00BD62BF /* Info.plist */,
			);
			name = "Supporting Files";
			sourceTree = "<group>";
		};
/* End PBXGroup section */

/* Begin PBXNativeTarget section */
		97E9B2E71E96285A00BD62BF /* PlayLocalVideo */ = {
			isa = PBXNativeTarget;
			buildConfigurationList = 97E9B2FA1E96285B00BD62BF /* Build configuration list for PBXNativeTarget "PlayLocalVideo" */;
			buildPhases = (
				97E9B2E41E96285A00BD62BF /* Sources */,
				97E9B2E51E96285A00BD62BF /* Frameworks */,
				97E9B2E61E96285A00BD62BF /* Resources */,
			);
			buildRules = (
			);
			dependencies = (
			);
			name = PlayLocalVideo;
			productName = PlayLocalVideo;
			productReference = 97E9B2E81E96285A00BD62BF /* PlayLocalVideo.app */;
			productType = "com.apple.product-type.application";
		};
/* End PBXNativeTarget section */

/* Begin PBXProject section */
		97E9B2E01E96285A00BD62BF /* Project object */ = {
			isa = PBXProject;
			attributes = {
				LastSwiftUpdateCheck = 0830;
				LastUpgradeCheck = 0830;
				ORGANIZATIONNAME = mengdi;
				TargetAttributes = {
					97E9B2E71E96285A00BD62BF = {
						CreatedOnToolsVersion = 8.3;
						ProvisioningStyle = Automatic;
					};
				};
			};
			buildConfigurationList = 97E9B2E31E96285A00BD62BF /* Build configuration list for PBXProject "PlayLocalVideo" */;
			compatibilityVersion = "Xcode 3.2";
			developmentRegion = English;
			hasScannedForEncodings = 0;
			knownRegions = (
				en,
				Base,
			);
			mainGroup = 97E9B2DF1E96285A00BD62BF;
			productRefGroup = 97E9B2E91E96285A00BD62BF /* Products */;
			projectDirPath = "";
			projectRoot = "";
			targets = (
				97E9B2E71E96285A00BD62BF /* PlayLocalVideo */,
			);
		};
/* End PBXProject section */

/* Begin PBXResourcesBuildPhase section */
		97E9B2E61E96285A00BD62BF /* Resources */ = {
			isa = PBXResourcesBuildPhase;
			buildActionMask = 2147483647;
			files = (
				97E9B2F61E96285B00BD62BF /* LaunchScreen.storyboard in Resources */,
				97E9B3031E9632E200BD62BF /* emoji zone.mp4 in Resources */,
				97E9B2F31E96285B00BD62BF /* Assets.xcassets in Resources */,
				97E9B2F11E96285A00BD62BF /* Main.storyboard in Resources */,
			);
			runOnlyForDeploymentPostprocessing = 0;
		};
/* End PBXResourcesBuildPhase section */

/* Begin PBXSourcesBuildPhase section */
		97E9B2E41E96285A00BD62BF /* Sources */ = {
			isa = PBXSourcesBuildPhase;
			buildActionMask = 2147483647;
			files = (
				97E9B2EE1E96285A00BD62BF /* ViewController.swift in Sources */,
				97E9B2EC1E96285A00BD62BF /* AppDelegate.swift in Sources */,
				97E9B3011E962E6A00BD62BF /* VideoCell.swift in Sources */,
			);
			runOnlyForDeploymentPostprocessing = 0;
		};
/* End PBXSourcesBuildPhase section */

/* Begin PBXVariantGroup section */
		97E9B2EF1E96285A00BD62BF /* Main.storyboard */ = {
			isa = PBXVariantGroup;
			children = (
				97E9B2F01E96285A00BD62BF /* Base */,
			);
			name = Main.storyboard;
			sourceTree = "<group>";
		};
		97E9B2F41E96285B00BD62BF /* LaunchScreen.storyboard */ = {
			isa = PBXVariantGroup;
			children = (
				97E9B2F51E96285B00BD62BF /* Base */,
			);
			name = LaunchScreen.storyboard;
			sourceTree = "<group>";
		};
/* End PBXVariantGroup section */

/* Begin XCBuildConfiguration section */
		97E9B2F81E96285B00BD62BF /* Debug */ = {
			isa = XCBuildConfiguration;
			buildSettings = {
				ALWAYS_SEARCH_USER_PATHS = NO;
				CLANG_ANALYZER_NONNULL = YES;
				CLANG_ANALYZER_NUMBER_OBJECT_CONVERSION = YES_AGGRESSIVE;
				CLANG_CXX_LANGUAGE_STANDARD = "gnu++0x";
				CLANG_CXX_LIBRARY = "libc++";
				CLANG_ENABLE_MODULES = YES;
				CLANG_ENABLE_OBJC_ARC = YES;
				CLANG_WARN_BOOL_CONVERSION = YES;
				CLANG_WARN_CONSTANT_CONVERSION = YES;
				CLANG_WARN_DIRECT_OBJC_ISA_USAGE = YES_ERROR;
				CLANG_WARN_DOCUMENTATION_COMMENTS = YES;
				CLANG_WARN_EMPTY_BODY = YES;
				CLANG_WARN_ENUM_CONVERSION = YES;
				CLANG_WARN_INFINITE_RECURSION = YES;
				CLANG_WARN_INT_CONVERSION = YES;
				CLANG_WARN_OBJC_ROOT_CLASS = YES_ERROR;
				CLANG_WARN_SUSPICIOUS_MOVE = YES;
				CLANG_WARN_UNREACHABLE_CODE = YES;
				CLANG_WARN__DUPLICATE_METHOD_MATCH = YES;
				"CODE_SIGN_IDENTITY[sdk=iphoneos*]" = "iPhone Developer";
				COPY_PHASE_STRIP = NO;
				DEBUG_INFORMATION_FORMAT = dwarf;
				ENABLE_STRICT_OBJC_MSGSEND = YES;
				ENABLE_TESTABILITY = YES;
				GCC_C_LANGUAGE_STANDARD = gnu99;
				GCC_DYNAMIC_NO_PIC = NO;
				GCC_NO_COMMON_BLOCKS = YES;
				GCC_OPTIMIZATION_LEVEL = 0;
				GCC_PREPROCESSOR_DEFINITIONS = (
					"DEBUG=1",
					"$(inherited)",
				);
				GCC_WARN_64_TO_32_BIT_CONVERSION = YES;
				GCC_WARN_ABOUT_RETURN_TYPE = YES_ERROR;
				GCC_WARN_UNDECLARED_SELECTOR = YES;
				GCC_WARN_UNINITIALIZED_AUTOS = YES_AGGRESSIVE;
				GCC_WARN_UNUSED_FUNCTION = YES;
				GCC_WARN_UNUSED_VARIABLE = YES;
				IPHONEOS_DEPLOYMENT_TARGET = 10.3;
				MTL_ENABLE_DEBUG_INFO = YES;
				ONLY_ACTIVE_ARCH = YES;
				SDKROOT = iphoneos;
				SWIFT_ACTIVE_COMPILATION_CONDITIONS = DEBUG;
				SWIFT_OPTIMIZATION_LEVEL = "-Onone";
				TARGETED_DEVICE_FAMILY = "1,2";
			};
			name = Debug;
		};
		97E9B2F91E96285B00BD62BF /* Release */ = {
			isa = XCBuildConfiguration;
			buildSettings = {
				ALWAYS_SEARCH_USER_PATHS = NO;
				CLANG_ANALYZER_NONNULL = YES;
				CLANG_ANALYZER_NUMBER_OBJECT_CONVERSION = YES_AGGRESSIVE;
				CLANG_CXX_LANGUAGE_STANDARD = "gnu++0x";
				CLANG_CXX_LIBRARY = "libc++";
				CLANG_ENABLE_MODULES = YES;
				CLANG_ENABLE_OBJC_ARC = YES;
				CLANG_WARN_BOOL_CONVERSION = YES;
				CLANG_WARN_CONSTANT_CONVERSION = YES;
				CLANG_WARN_DIRECT_OBJC_ISA_USAGE = YES_ERROR;
				CLANG_WARN_DOCUMENTATION_COMMENTS = YES;
				CLANG_WARN_EMPTY_BODY = YES;
				CLANG_WARN_ENUM_CONVERSION = YES;
				CLANG_WARN_INFINITE_RECURSION = YES;
				CLANG_WARN_INT_CONVERSION = YES;
				CLANG_WARN_OBJC_ROOT_CLASS = YES_ERROR;
				CLANG_WARN_SUSPICIOUS_MOVE = YES;
				CLANG_WARN_UNREACHABLE_CODE = YES;
				CLANG_WARN__DUPLICATE_METHOD_MATCH = YES;
				"CODE_SIGN_IDENTITY[sdk=iphoneos*]" = "iPhone Developer";
				COPY_PHASE_STRIP = NO;
				DEBUG_INFORMATION_FORMAT = "dwarf-with-dsym";
				ENABLE_NS_ASSERTIONS = NO;
				ENABLE_STRICT_OBJC_MSGSEND = YES;
				GCC_C_LANGUAGE_STANDARD = gnu99;
				GCC_NO_COMMON_BLOCKS = YES;
				GCC_WARN_64_TO_32_BIT_CONVERSION = YES;
				GCC_WARN_ABOUT_RETURN_TYPE = YES_ERROR;
				GCC_WARN_UNDECLARED_SELECTOR = YES;
				GCC_WARN_UNINITIALIZED_AUTOS = YES_AGGRESSIVE;
				GCC_WARN_UNUSED_FUNCTION = YES;
				GCC_WARN_UNUSED_VARIABLE = YES;
				IPHONEOS_DEPLOYMENT_TARGET = 10.3;
				MTL_ENABLE_DEBUG_INFO = NO;
				SDKROOT = iphoneos;
				SWIFT_OPTIMIZATION_LEVEL = "-Owholemodule";
				TARGETED_DEVICE_FAMILY = "1,2";
				VALIDATE_PRODUCT = YES;
			};
			name = Release;
		};
		97E9B2FB1E96285B00BD62BF /* Debug */ = {
			isa = XCBuildConfiguration;
			buildSettings = {
				ASSETCATALOG_COMPILER_APPICON_NAME = AppIcon;
				INFOPLIST_FILE = PlayLocalVideo/Info.plist;
				LD_RUNPATH_SEARCH_PATHS = "$(inherited) @executable_path/Frameworks";
				PRODUCT_BUNDLE_IDENTIFIER = com.mengdi.PlayLocalVideo;
				PRODUCT_NAME = "$(TARGET_NAME)";
				SWIFT_VERSION = 3.0;
			};
			name = Debug;
		};
		97E9B2FC1E96285B00BD62BF /* Release */ = {
			isa = XCBuildConfiguration;
			buildSettings = {
				ASSETCATALOG_COMPILER_APPICON_NAME = AppIcon;
				INFOPLIST_FILE = PlayLocalVideo/Info.plist;
				LD_RUNPATH_SEARCH_PATHS = "$(inherited) @executable_path/Frameworks";
				PRODUCT_BUNDLE_IDENTIFIER = com.mengdi.PlayLocalVideo;
				PRODUCT_NAME = "$(TARGET_NAME)";
				SWIFT_VERSION = 3.0;
			};
			name = Release;
		};
/* End XCBuildConfiguration section */

/* Begin XCConfigurationList section */
		97E9B2E31E96285A00BD62BF /* Build configuration list for PBXProject "PlayLocalVideo" */ = {
			isa = XCConfigurationList;
			buildConfigurations = (
				97E9B2F81E96285B00BD62BF /* Debug */,
				97E9B2F91E96285B00BD62BF /* Release */,
			);
			defaultConfigurationIsVisible = 0;
			defaultConfigurationName = Release;
		};
		97E9B2FA1E96285B00BD62BF /* Build configuration list for PBXNativeTarget "PlayLocalVideo" */ = {
			isa = XCConfigurationList;
			buildConfigurations = (
				97E9B2FB1E96285B00BD62BF /* Debug */,
				97E9B2FC1E96285B00BD62BF /* Release */,
			);
			defaultConfigurationIsVisible = 0;
		};
/* End XCConfigurationList section */
	};
	rootObject = 97E9B2E01E96285A00BD62BF /* Project object */;
}
