// !$*UTF8*$!
{
	archiveVersion = 1;
	classes = {
	};
	objectVersion = 46;
	objects = {

/* Begin PBXBuildFile section */
		97E9B3111E96430600BD62BF /* AppDelegate.swift in Sources */ = {isa = PBXBuildFile; fileRef = 97E9B3101E96430600BD62BF /* AppDelegate.swift */; };
		97E9B3131E96430600BD62BF /* ViewController.swift in Sources */ = {isa = PBXBuildFile; fileRef = 97E9B3121E96430600BD62BF /* ViewController.swift */; };
		97E9B3161E96430600BD62BF /* Main.storyboard in Resources */ = {isa = PBXBuildFile; fileRef = 97E9B3141E96430600BD62BF /* Main.storyboard */; };
		97E9B3181E96430600BD62BF /* Assets.xcassets in Resources */ = {isa = PBXBuildFile; fileRef = 97E9B3171E96430600BD62BF /* Assets.xcassets */; };
		97E9B31B1E96430600BD62BF /* LaunchScreen.storyboard in Resources */ = {isa = PBXBuildFile; fileRef = 97E9B3191E96430600BD62BF /* LaunchScreen.storyboard */; };
/* End PBXBuildFile section */

/* Begin PBXFileReference section */
		97E9B30D1E96430600BD62BF /* useCamera.app */ = {isa = PBXFileReference; explicitFileType = wrapper.application; includeInIndex = 0; path = useCamera.app; sourceTree = BUILT_PRODUCTS_DIR; };
		97E9B3101E96430600BD62BF /* AppDelegate.swift */ = {isa = PBXFileReference; lastKnownFileType = sourcecode.swift; path = AppDelegate.swift; sourceTree = "<group>"; };
		97E9B3121E96430600BD62BF /* ViewController.swift */ = {isa = PBXFileReference; lastKnownFileType = sourcecode.swift; path = ViewController.swift; sourceTree = "<group>"; };
		97E9B3151E96430600BD62BF /* Base */ = {isa = PBXFileReference; lastKnownFileType = file.storyboard; name = Base; path = Base.lproj/Main.storyboard; sourceTree = "<group>"; };
		97E9B3171E96430600BD62BF /* Assets.xcassets */ = {isa = PBXFileReference; lastKnownFileType = folder.assetcatalog; path = Assets.xcassets; sourceTree = "<group>"; };
		97E9B31A1E96430600BD62BF /* Base */ = {isa = PBXFileReference; lastKnownFileType = file.storyboard; name = Base; path = Base.lproj/LaunchScreen.storyboard; sourceTree = "<group>"; };
		97E9B31C1E96430600BD62BF /* Info.plist */ = {isa = PBXFileReference; lastKnownFileType = text.plist.xml; path = Info.plist; sourceTree = "<group>"; };
/* End PBXFileReference section */

/* Begin PBXFrameworksBuildPhase section */
		97E9B30A1E96430600BD62BF /* Frameworks */ = {
			isa = PBXFrameworksBuildPhase;
			buildActionMask = 2147483647;
			files = (
			);
			runOnlyForDeploymentPostprocessing = 0;
		};
/* End PBXFrameworksBuildPhase section */

/* Begin PBXGroup section */
		97E9B3041E96430600BD62BF = {
			isa = PBXGroup;
			children = (
				97E9B30F1E96430600BD62BF /* useCamera */,
				97E9B30E1E96430600BD62BF /* Products */,
			);
			sourceTree = "<group>";
		};
		97E9B30E1E96430600BD62BF /* Products */ = {
			isa = PBXGroup;
			children = (
				97E9B30D1E96430600BD62BF /* useCamera.app */,
			);
			name = Products;
			sourceTree = "<group>";
		};
		97E9B30F1E96430600BD62BF /* useCamera */ = {
			isa = PBXGroup;
			children = (
				97E9B3121E96430600BD62BF /* ViewController.swift */,
				97E9B3141E96430600BD62BF /* Main.storyboard */,
				97E9B3221E96432300BD62BF /* Supporting Files */,
			);
			path = useCamera;
			sourceTree = "<group>";
		};
		97E9B3221E96432300BD62BF /* Supporting Files */ = {
			isa = PBXGroup;
			children = (
				97E9B3101E96430600BD62BF /* AppDelegate.swift */,
				97E9B3171E96430600BD62BF /* Assets.xcassets */,
				97E9B3191E96430600BD62BF /* LaunchScreen.storyboard */,
				97E9B31C1E96430600BD62BF /* Info.plist */,
			);
			name = "Supporting Files";
			sourceTree = "<group>";
		};
/* End PBXGroup section */

/* Begin PBXNativeTarget section */
		97E9B30C1E96430600BD62BF /* useCamera */ = {
			isa = PBXNativeTarget;
			buildConfigurationList = 97E9B31F1E96430600BD62BF /* Build configuration list for PBXNativeTarget "useCamera" */;
			buildPhases = (
				97E9B3091E96430600BD62BF /* Sources */,
				97E9B30A1E96430600BD62BF /* Frameworks */,
				97E9B30B1E96430600BD62BF /* Resources */,
			);
			buildRules = (
			);
			dependencies = (
			);
			name = useCamera;
			productName = useCamera;
			productReference = 97E9B30D1E96430600BD62BF /* useCamera.app */;
			productType = "com.apple.product-type.application";
		};
/* End PBXNativeTarget section */

/* Begin PBXProject section */
		97E9B3051E96430600BD62BF /* Project object */ = {
			isa = PBXProject;
			attributes = {
				LastSwiftUpdateCheck = 0830;
				LastUpgradeCheck = 0830;
				ORGANIZATIONNAME = mengdi;
				TargetAttributes = {
					97E9B30C1E96430600BD62BF = {
						CreatedOnToolsVersion = 8.3;
						ProvisioningStyle = Automatic;
					};
				};
			};
			buildConfigurationList = 97E9B3081E96430600BD62BF /* Build configuration list for PBXProject "useCamera" */;
			compatibilityVersion = "Xcode 3.2";
			developmentRegion = English;
			hasScannedForEncodings = 0;
			knownRegions = (
				en,
				Base,
			);
			mainGroup = 97E9B3041E96430600BD62BF;
			productRefGroup = 97E9B30E1E96430600BD62BF /* Products */;
			projectDirPath = "";
			projectRoot = "";
			targets = (
				97E9B30C1E96430600BD62BF /* useCamera */,
			);
		};
/* End PBXProject section */

/* Begin PBXResourcesBuildPhase section */
		97E9B30B1E96430600BD62BF /* Resources */ = {
			isa = PBXResourcesBuildPhase;
			buildActionMask = 2147483647;
			files = (
				97E9B31B1E96430600BD62BF /* LaunchScreen.storyboard in Resources */,
				97E9B3181E96430600BD62BF /* Assets.xcassets in Resources */,
				97E9B3161E96430600BD62BF /* Main.storyboard in Resources */,
			);
			runOnlyForDeploymentPostprocessing = 0;
		};
/* End PBXResourcesBuildPhase section */

/* Begin PBXSourcesBuildPhase section */
		97E9B3091E96430600BD62BF /* Sources */ = {
			isa = PBXSourcesBuildPhase;
			buildActionMask = 2147483647;
			files = (
				97E9B3131E96430600BD62BF /* ViewController.swift in Sources */,
				97E9B3111E96430600BD62BF /* AppDelegate.swift in Sources */,
			);
			runOnlyForDeploymentPostprocessing = 0;
		};
/* End PBXSourcesBuildPhase section */

/* Begin PBXVariantGroup section */
		97E9B3141E96430600BD62BF /* Main.storyboard */ = {
			isa = PBXVariantGroup;
			children = (
				97E9B3151E96430600BD62BF /* Base */,
			);
			name = Main.storyboard;
			sourceTree = "<group>";
		};
		97E9B3191E96430600BD62BF /* LaunchScreen.storyboard */ = {
			isa = PBXVariantGroup;
			children = (
				97E9B31A1E96430600BD62BF /* Base */,
			);
			name = LaunchScreen.storyboard;
			sourceTree = "<group>";
		};
/* End PBXVariantGroup section */

/* Begin XCBuildConfiguration section */
		97E9B31D1E96430600BD62BF /* Debug */ = {
			isa = XCBuildConfiguration;
			buildSettings = {
				ALWAYS_SEARCH_USER_PATHS = NO;
				CLANG_ANALYZER_NONNULL = YES;
				CLANG_ANALYZER_NUMBER_OBJECT_CONVERSION = YES_AGGRESSIVE;
				CLANG_CXX_LANGUAGE_STANDARD = "gnu++0x";
				CLANG_CXX_LIBRARY = "libc++";
				CLANG_ENABLE_MODULES = YES;
				CLANG_ENABLE_OBJC_ARC = YES;
				CLANG_WARN_BOOL_CONVERSION = YES;
				CLANG_WARN_CONSTANT_CONVERSION = YES;
				CLANG_WARN_DIRECT_OBJC_ISA_USAGE = YES_ERROR;
				CLANG_WARN_DOCUMENTATION_COMMENTS = YES;
				CLANG_WARN_EMPTY_BODY = YES;
				CLANG_WARN_ENUM_CONVERSION = YES;
				CLANG_WARN_INFINITE_RECURSION = YES;
				CLANG_WARN_INT_CONVERSION = YES;
				CLANG_WARN_OBJC_ROOT_CLASS = YES_ERROR;
				CLANG_WARN_SUSPICIOUS_MOVE = YES;
				CLANG_WARN_UNREACHABLE_CODE = YES;
				CLANG_WARN__DUPLICATE_METHOD_MATCH = YES;
				"CODE_SIGN_IDENTITY[sdk=iphoneos*]" = "iPhone Developer";
				COPY_PHASE_STRIP = NO;
				DEBUG_INFORMATION_FORMAT = dwarf;
				ENABLE_STRICT_OBJC_MSGSEND = YES;
				ENABLE_TESTABILITY = YES;
				GCC_C_LANGUAGE_STANDARD = gnu99;
				GCC_DYNAMIC_NO_PIC = NO;
				GCC_NO_COMMON_BLOCKS = YES;
				GCC_OPTIMIZATION_LEVEL = 0;
				GCC_PREPROCESSOR_DEFINITIONS = (
					"DEBUG=1",
					"$(inherited)",
				);
				GCC_WARN_64_TO_32_BIT_CONVERSION = YES;
				GCC_WARN_ABOUT_RETURN_TYPE = YES_ERROR;
				GCC_WARN_UNDECLARED_SELECTOR = YES;
				GCC_WARN_UNINITIALIZED_AUTOS = YES_AGGRESSIVE;
				GCC_WARN_UNUSED_FUNCTION = YES;
				GCC_WARN_UNUSED_VARIABLE = YES;
				IPHONEOS_DEPLOYMENT_TARGET = 10.3;
				MTL_ENABLE_DEBUG_INFO = YES;
				ONLY_ACTIVE_ARCH = YES;
				SDKROOT = iphoneos;
				SWIFT_ACTIVE_COMPILATION_CONDITIONS = DEBUG;
				SWIFT_OPTIMIZATION_LEVEL = "-Onone";
				TARGETED_DEVICE_FAMILY = "1,2";
			};
			name = Debug;
		};
		97E9B31E1E96430600BD62BF /* Release */ = {
			isa = XCBuildConfiguration;
			buildSettings = {
				ALWAYS_SEARCH_USER_PATHS = NO;
				CLANG_ANALYZER_NONNULL = YES;
				CLANG_ANALYZER_NUMBER_OBJECT_CONVERSION = YES_AGGRESSIVE;
				CLANG_CXX_LANGUAGE_STANDARD = "gnu++0x";
				CLANG_CXX_LIBRARY = "libc++";
				CLANG_ENABLE_MODULES = YES;
				CLANG_ENABLE_OBJC_ARC = YES;
				CLANG_WARN_BOOL_CONVERSION = YES;
				CLANG_WARN_CONSTANT_CONVERSION = YES;
				CLANG_WARN_DIRECT_OBJC_ISA_USAGE = YES_ERROR;
				CLANG_WARN_DOCUMENTATION_COMMENTS = YES;
				CLANG_WARN_EMPTY_BODY = YES;
				CLANG_WARN_ENUM_CONVERSION = YES;
				CLANG_WARN_INFINITE_RECURSION = YES;
				CLANG_WARN_INT_CONVERSION = YES;
				CLANG_WARN_OBJC_ROOT_CLASS = YES_ERROR;
				CLANG_WARN_SUSPICIOUS_MOVE = YES;
				CLANG_WARN_UNREACHABLE_CODE = YES;
				CLANG_WARN__DUPLICATE_METHOD_MATCH = YES;
				"CODE_SIGN_IDENTITY[sdk=iphoneos*]" = "iPhone Developer";
				COPY_PHASE_STRIP = NO;
				DEBUG_INFORMATION_FORMAT = "dwarf-with-dsym";
				ENABLE_NS_ASSERTIONS = NO;
				ENABLE_STRICT_OBJC_MSGSEND = YES;
				GCC_C_LANGUAGE_STANDARD = gnu99;
				GCC_NO_COMMON_BLOCKS = YES;
				GCC_WARN_64_TO_32_BIT_CONVERSION = YES;
				GCC_WARN_ABOUT_RETURN_TYPE = YES_ERROR;
				GCC_WARN_UNDECLARED_SELECTOR = YES;
				GCC_WARN_UNINITIALIZED_AUTOS = YES_AGGRESSIVE;
				GCC_WARN_UNUSED_FUNCTION = YES;
				GCC_WARN_UNUSED_VARIABLE = YES;
				IPHONEOS_DEPLOYMENT_TARGET = 10.3;
				MTL_ENABLE_DEBUG_INFO = NO;
				SDKROOT = iphoneos;
				SWIFT_OPTIMIZATION_LEVEL = "-Owholemodule";
				TARGETED_DEVICE_FAMILY = "1,2";
				VALIDATE_PRODUCT = YES;
			};
			name = Release;
		};
		97E9B3201E96430600BD62BF /* Debug */ = {
			isa = XCBuildConfiguration;
			buildSettings = {
				ASSETCATALOG_COMPILER_APPICON_NAME = AppIcon;
				INFOPLIST_FILE = useCamera/Info.plist;
				LD_RUNPATH_SEARCH_PATHS = "$(inherited) @executable_path/Frameworks";
				PRODUCT_BUNDLE_IDENTIFIER = com.mengdi.useCamera;
				PRODUCT_NAME = "$(TARGET_NAME)";
				SWIFT_VERSION = 3.0;
			};
			name = Debug;
		};
		97E9B3211E96430600BD62BF /* Release */ = {
			isa = XCBuildConfiguration;
			buildSettings = {
				ASSETCATALOG_COMPILER_APPICON_NAME = AppIcon;
				INFOPLIST_FILE = useCamera/Info.plist;
				LD_RUNPATH_SEARCH_PATHS = "$(inherited) @executable_path/Frameworks";
				PRODUCT_BUNDLE_IDENTIFIER = com.mengdi.useCamera;
				PRODUCT_NAME = "$(TARGET_NAME)";
				SWIFT_VERSION = 3.0;
			};
			name = Release;
		};
/* End XCBuildConfiguration section */

/* Begin XCConfigurationList section */
		97E9B3081E96430600BD62BF /* Build configuration list for PBXProject "useCamera" */ = {
			isa = XCConfigurationList;
			buildConfigurations = (
				97E9B31D1E96430600BD62BF /* Debug */,
				97E9B31E1E96430600BD62BF /* Release */,
			);
			defaultConfigurationIsVisible = 0;
			defaultConfigurationName = Release;
		};
		97E9B31F1E96430600BD62BF /* Build configuration list for PBXNativeTarget "useCamera" */ = {
			isa = XCConfigurationList;
			buildConfigurations = (
				97E9B3201E96430600BD62BF /* Debug */,
				97E9B3211E96430600BD62BF /* Release */,
			);
			defaultConfigurationIsVisible = 0;
			defaultConfigurationName = Release;
		};
/* End XCConfigurationList section */
	};
	rootObject = 97E9B3051E96430600BD62BF /* Project object */;
}
